
Microsoft Visual Studio Solution File, Format Version 12.00
# Visual Studio Version 17
VisualStudioVersion = 17.10.34928.147
MinimumVisualStudioVersion = 10.0.40219.1
Project("{9A19103F-16F7-4668-BE54-9A1E7A4F7556}") = "BudgetTracking.Model", "BudgetTracking.Model\BudgetTracking.Model.csproj", "{B6272594-0AD4-4866-83C2-FE471605F029}"
EndProject
Project("{9A19103F-16F7-4668-BE54-9A1E7A4F7556}") = "BudgetTracking.Model.Test", "BudgetTracking.Model.Test\BudgetTracking.Model.Test.csproj", "{45290C3D-534D-4933-98B6-4695035BA89F}"
EndProject
Project("{9A19103F-16F7-4668-BE54-9A1E7A4F7556}") = "BudgetTracking.UI", "BudgetTracking.UI\BudgetTracking.UI.csproj", "{90EC7FF8-4E2A-44CB-8FF5-0B5B14AD2155}"
EndProject
Global
	GlobalSection(SolutionConfigurationPlatforms) = preSolution
		Debug|Any CPU = Debug|Any CPU
		Release|Any CPU = Release|Any CPU
	EndGlobalSection
	GlobalSection(ProjectConfigurationPlatforms) = postSolution
		{B6272594-0AD4-4866-83C2-FE471605F029}.Debug|Any CPU.ActiveCfg = Debug|Any CPU
		{B6272594-0AD4-4866-83C2-FE471605F029}.Debug|Any CPU.Build.0 = Debug|Any CPU
		{B6272594-0AD4-4866-83C2-FE471605F029}.Release|Any CPU.ActiveCfg = Release|Any CPU
		{B6272594-0AD4-4866-83C2-FE471605F029}.Release|Any CPU.Build.0 = Release|Any CPU
		{45290C3D-534D-4933-98B6-4695035BA89F}.Debug|Any CPU.ActiveCfg = Debug|Any CPU
		{45290C3D-534D-4933-98B6-4695035BA89F}.Debug|Any CPU.Build.0 = Debug|Any CPU
		{45290C3D-534D-4933-98B6-4695035BA89F}.Release|Any CPU.ActiveCfg = Release|Any CPU
		{45290C3D-534D-4933-98B6-4695035BA89F}.Release|Any CPU.Build.0 = Release|Any CPU
		{90EC7FF8-4E2A-44CB-8FF5-0B5B14AD2155}.Debug|Any CPU.ActiveCfg = Debug|Any CPU
		{90EC7FF8-4E2A-44CB-8FF5-0B5B14AD2155}.Debug|Any CPU.Build.0 = Debug|Any CPU
		{90EC7FF8-4E2A-44CB-8FF5-0B5B14AD2155}.Release|Any CPU.ActiveCfg = Release|Any CPU
		{90EC7FF8-4E2A-44CB-8FF5-0B5B14AD2155}.Release|Any CPU.Build.0 = Release|Any CPU
	EndGlobalSection
	GlobalSection(SolutionProperties) = preSolution
		HideSolutionNode = FALSE
	EndGlobalSection
	GlobalSection(ExtensibilityGlobals) = postSolution
		SolutionGuid = {3B712BD1-E4C2-4251-89FF-FE8FA8400EF6}
	EndGlobalSection
EndGlobal
